
Microsoft Visual Studio Solution File, Format Version 12.00
# Visual Studio Version 17
VisualStudioVersion = 17.5.002.0
MinimumVisualStudioVersion = 10.0.40219.1
Project("{9A19103F-16F7-4668-BE54-9A1E7A4F7556}") = "ElephantSQL", "ElephantSQL.csproj", "{1FA0C1C3-5E06-4B0E-814F-85C8C3C46A77}"
EndProject
Global
	GlobalSection(SolutionConfigurationPlatforms) = preSolution
		Debug|Any CPU = Debug|Any CPU
		Release|Any CPU = Release|Any CPU
	EndGlobalSection
	GlobalSection(ProjectConfigurationPlatforms) = postSolution
		{1FA0C1C3-5E06-4B0E-814F-85C8C3C46A77}.Debug|Any CPU.ActiveCfg = Debug|Any CPU
		{1FA0C1C3-5E06-4B0E-814F-85C8C3C46A77}.Debug|Any CPU.Build.0 = Debug|Any CPU
		{1FA0C1C3-5E06-4B0E-814F-85C8C3C46A77}.Release|Any CPU.ActiveCfg = Release|Any CPU
		{1FA0C1C3-5E06-4B0E-814F-85C8C3C46A77}.Release|Any CPU.Build.0 = Release|Any CPU
	EndGlobalSection
	GlobalSection(SolutionProperties) = preSolution
		HideSolutionNode = FALSE
	EndGlobalSection
	GlobalSection(ExtensibilityGlobals) = postSolution
		SolutionGuid = {EBA744F9-D2EB-4FCC-8ED5-4028B4438759}
	EndGlobalSection
EndGlobal
